
Microsoft Visual Studio Solution File, Format Version 12.00
# Visual Studio Version 16
VisualStudioVersion = 16.0.33529.622
MinimumVisualStudioVersion = 10.0.40219.1
Project("{FAE04EC0-301F-11D3-BF4B-00C04F79EFBC}") = "Первый проект за год xddddddd", "Первый проект за год xddddddd.csproj", "{72B5854F-93D3-436A-8FD4-161D2B1FB9BC}"
EndProject
Global
	GlobalSection(SolutionConfigurationPlatforms) = preSolution
		Debug|Any CPU = Debug|Any CPU
		Release|Any CPU = Release|Any CPU
	EndGlobalSection
	GlobalSection(ProjectConfigurationPlatforms) = postSolution
		{72B5854F-93D3-436A-8FD4-161D2B1FB9BC}.Debug|Any CPU.ActiveCfg = Debug|Any CPU
		{72B5854F-93D3-436A-8FD4-161D2B1FB9BC}.Debug|Any CPU.Build.0 = Debug|Any CPU
		{72B5854F-93D3-436A-8FD4-161D2B1FB9BC}.Release|Any CPU.ActiveCfg = Release|Any CPU
		{72B5854F-93D3-436A-8FD4-161D2B1FB9BC}.Release|Any CPU.Build.0 = Release|Any CPU
	EndGlobalSection
	GlobalSection(SolutionProperties) = preSolution
		HideSolutionNode = FALSE
	EndGlobalSection
	GlobalSection(ExtensibilityGlobals) = postSolution
		SolutionGuid = {19B73B46-5071-44D3-AAC9-3B15C48B9A24}
	EndGlobalSection
EndGlobal
